
Microsoft Visual Studio Solution File, Format Version 12.00
Project("{FAE04EC0-301F-11D3-BF4B-00C04F79EFBC}") = "Online-Learning-Platform-Ass1.Web", "Online-Learning-Platform-Ass1.Web\Online-Learning-Platform-Ass1.Web.csproj", "{253AECFA-9AE1-4F4B-A794-7867C509EEEB}"
EndProject
Project("{FAE04EC0-301F-11D3-BF4B-00C04F79EFBC}") = "Online-Learning-Platform-Ass1.Service", "Online-Learning-Platform-Ass1.Service\Online-Learning-Platform-Ass1.Service.csproj", "{009AD034-52C4-4D2D-80D0-CBA731DDF09C}"
EndProject
Project("{FAE04EC0-301F-11D3-BF4B-00C04F79EFBC}") = "Online-Learning-Platform-Ass1.Data", "Online-Learning-Platform-Ass1.Data\Online-Learning-Platform-Ass1.Data.csproj", "{43F2D029-82E6-454C-9B91-C9699D168214}"
EndProject
Project("{2150E333-8FDC-42A3-9474-1A3956D46DE8}") = "SolutionItems", "SolutionItems", "{1428B084-37FA-49F1-9668-8F40C7D816F5}"
	ProjectSection(SolutionItems) = preProject
		Directory.Packages.props = Directory.Packages.props
		Directory.Build.props = Directory.Build.props
		.gitignore = .gitignore
		.gitattributes = .gitattributes
		.editorconfig = .editorconfig
		.config\dotnet-tools.json = .config\dotnet-tools.json
	EndProjectSection
EndProject
Global
	GlobalSection(SolutionConfigurationPlatforms) = preSolution
		Debug|Any CPU = Debug|Any CPU
		Release|Any CPU = Release|Any CPU
	EndGlobalSection
	GlobalSection(ProjectConfigurationPlatforms) = postSolution
		{253AECFA-9AE1-4F4B-A794-7867C509EEEB}.Debug|Any CPU.ActiveCfg = Debug|Any CPU
		{253AECFA-9AE1-4F4B-A794-7867C509EEEB}.Debug|Any CPU.Build.0 = Debug|Any CPU
		{253AECFA-9AE1-4F4B-A794-7867C509EEEB}.Release|Any CPU.ActiveCfg = Release|Any CPU
		{253AECFA-9AE1-4F4B-A794-7867C509EEEB}.Release|Any CPU.Build.0 = Release|Any CPU
		{009AD034-52C4-4D2D-80D0-CBA731DDF09C}.Debug|Any CPU.ActiveCfg = Debug|Any CPU
		{009AD034-52C4-4D2D-80D0-CBA731DDF09C}.Debug|Any CPU.Build.0 = Debug|Any CPU
		{009AD034-52C4-4D2D-80D0-CBA731DDF09C}.Release|Any CPU.ActiveCfg = Release|Any CPU
		{009AD034-52C4-4D2D-80D0-CBA731DDF09C}.Release|Any CPU.Build.0 = Release|Any CPU
		{43F2D029-82E6-454C-9B91-C9699D168214}.Debug|Any CPU.ActiveCfg = Debug|Any CPU
		{43F2D029-82E6-454C-9B91-C9699D168214}.Debug|Any CPU.Build.0 = Debug|Any CPU
		{43F2D029-82E6-454C-9B91-C9699D168214}.Release|Any CPU.ActiveCfg = Release|Any CPU
		{43F2D029-82E6-454C-9B91-C9699D168214}.Release|Any CPU.Build.0 = Release|Any CPU
	EndGlobalSection
EndGlobal
